
Microsoft Visual Studio Solution File, Format Version 12.00
# Visual Studio Version 16
VisualStudioVersion = 16.0.29911.84
MinimumVisualStudioVersion = 10.0.40219.1
Project("{FAE04EC0-301F-11D3-BF4B-00C04F79EFBC}") = "CryEngineConverterTool", "CryEngineConverterTool\CryEngineConverterTool.csproj", "{F166FFB3-3224-460E-B845-EDB2828EEF02}"
EndProject
Global
	GlobalSection(SolutionConfigurationPlatforms) = preSolution
		Debug|Any CPU = Debug|Any CPU
		Release|Any CPU = Release|Any CPU
	EndGlobalSection
	GlobalSection(ProjectConfigurationPlatforms) = postSolution
		{F166FFB3-3224-460E-B845-EDB2828EEF02}.Debug|Any CPU.ActiveCfg = Debug|Any CPU
		{F166FFB3-3224-460E-B845-EDB2828EEF02}.Debug|Any CPU.Build.0 = Debug|Any CPU
		{F166FFB3-3224-460E-B845-EDB2828EEF02}.Release|Any CPU.ActiveCfg = Release|Any CPU
		{F166FFB3-3224-460E-B845-EDB2828EEF02}.Release|Any CPU.Build.0 = Release|Any CPU
	EndGlobalSection
	GlobalSection(SolutionProperties) = preSolution
		HideSolutionNode = FALSE
	EndGlobalSection
	GlobalSection(ExtensibilityGlobals) = postSolution
		SolutionGuid = {4B982B9B-4869-4E2F-AEF5-CA1283A0C087}
	EndGlobalSection
EndGlobal
